{
  "originHash" : "261464b848f28c9160ed0cb4ccdb896958c6e68add5a47206e9fac6f45b4381f",
  "pins" : [
    {
      "identity" : "confettiswiftui",
      "kind" : "remoteSourceControl",
      "location" : "https://github.com/simibac/ConfettiSwiftUI",
      "state" : {
        "revision" : "f45961f97bbae6fff6e2e64546fea0189425ad92",
        "version" : "1.1.0"
      }
    },
    {
      "identity" : "dotlottie-ios",
      "kind" : "remoteSourceControl",
      "location" : "https://github.com/LottieFiles/dotlottie-ios",
      "state" : {
        "branch" : "main",
        "revision" : "1da0e9511ab3502d46fc3ffaf1dd0a326fa14d76"
      }
    }
  ],
  "version" : 3
}
